
Microsoft Visual Studio Solution File, Format Version 12.00
# Visual Studio 15
VisualStudioVersion = 15.0.28010.2003
MinimumVisualStudioVersion = 10.0.40219.1
Project("{FAE04EC0-301F-11D3-BF4B-00C04F79EFBC}") = "DelegateTest", "DelegateTest\DelegateTest.csproj", "{DF166224-091B-4422-B7B1-FF4B8547F970}"
EndProject
Global
	GlobalSection(SolutionConfigurationPlatforms) = preSolution
		Debug|Any CPU = Debug|Any CPU
		Release|Any CPU = Release|Any CPU
	EndGlobalSection
	GlobalSection(ProjectConfigurationPlatforms) = postSolution
		{DF166224-091B-4422-B7B1-FF4B8547F970}.Debug|Any CPU.ActiveCfg = Debug|Any CPU
		{DF166224-091B-4422-B7B1-FF4B8547F970}.Debug|Any CPU.Build.0 = Debug|Any CPU
		{DF166224-091B-4422-B7B1-FF4B8547F970}.Release|Any CPU.ActiveCfg = Release|Any CPU
		{DF166224-091B-4422-B7B1-FF4B8547F970}.Release|Any CPU.Build.0 = Release|Any CPU
	EndGlobalSection
	GlobalSection(SolutionProperties) = preSolution
		HideSolutionNode = FALSE
	EndGlobalSection
	GlobalSection(ExtensibilityGlobals) = postSolution
		SolutionGuid = {41499C1C-0BCD-48FF-8A84-561A663DFE66}
	EndGlobalSection
EndGlobal
